// !$*UTF8*$!
{
	archiveVersion = 1;
	classes = {
	};
	objectVersion = 46;
	objects = {

/* Begin PBXBuildFile section */
		2B7FB83B1DF4988D00DA1EA9 /* AppDelegate.swift in Sources */ = {isa = PBXBuildFile; fileRef = 2B7FB83A1DF4988D00DA1EA9 /* AppDelegate.swift */; };
		2B7FB83D1DF4988D00DA1EA9 /* ViewController.swift in Sources */ = {isa = PBXBuildFile; fileRef = 2B7FB83C1DF4988D00DA1EA9 /* ViewController.swift */; };
		2B7FB8401DF4988D00DA1EA9 /* Main.storyboard in Resources */ = {isa = PBXBuildFile; fileRef = 2B7FB83E1DF4988D00DA1EA9 /* Main.storyboard */; };
		2B7FB8421DF4988D00DA1EA9 /* Assets.xcassets in Resources */ = {isa = PBXBuildFile; fileRef = 2B7FB8411DF4988D00DA1EA9 /* Assets.xcassets */; };
		2B7FB8451DF4988D00DA1EA9 /* LaunchScreen.storyboard in Resources */ = {isa = PBXBuildFile; fileRef = 2B7FB8431DF4988D00DA1EA9 /* LaunchScreen.storyboard */; };
		2B7FB8501DF4988E00DA1EA9 /* TipCalculatorTests.swift in Sources */ = {isa = PBXBuildFile; fileRef = 2B7FB84F1DF4988E00DA1EA9 /* TipCalculatorTests.swift */; };
		2B7FB85B1DF4988E00DA1EA9 /* TipCalculatorUITests.swift in Sources */ = {isa = PBXBuildFile; fileRef = 2B7FB85A1DF4988E00DA1EA9 /* TipCalculatorUITests.swift */; };
		2BE9754A1DFFA6BD005F8C99 /* SettingsViewController.swift in Sources */ = {isa = PBXBuildFile; fileRef = 2BE975491DFFA6BD005F8C99 /* SettingsViewController.swift */; };
/* End PBXBuildFile section */

/* Begin PBXContainerItemProxy section */
		2B7FB84C1DF4988E00DA1EA9 /* PBXContainerItemProxy */ = {
			isa = PBXContainerItemProxy;
			containerPortal = 2B7FB82F1DF4988D00DA1EA9 /* Project object */;
			proxyType = 1;
			remoteGlobalIDString = 2B7FB8361DF4988D00DA1EA9;
			remoteInfo = TipCalculator;
		};
		2B7FB8571DF4988E00DA1EA9 /* PBXContainerItemProxy */ = {
			isa = PBXContainerItemProxy;
			containerPortal = 2B7FB82F1DF4988D00DA1EA9 /* Project object */;
			proxyType = 1;
			remoteGlobalIDString = 2B7FB8361DF4988D00DA1EA9;
			remoteInfo = TipCalculator;
		};
/* End PBXContainerItemProxy section */

/* Begin PBXFileReference section */
		2B7FB8371DF4988D00DA1EA9 /* TipCalculator.app */ = {isa = PBXFileReference; explicitFileType = wrapper.application; includeInIndex = 0; path = TipCalculator.app; sourceTree = BUILT_PRODUCTS_DIR; };
		2B7FB83A1DF4988D00DA1EA9 /* AppDelegate.swift */ = {isa = PBXFileReference; lastKnownFileType = sourcecode.swift; path = AppDelegate.swift; sourceTree = "<group>"; };
		2B7FB83C1DF4988D00DA1EA9 /* ViewController.swift */ = {isa = PBXFileReference; lastKnownFileType = sourcecode.swift; path = ViewController.swift; sourceTree = "<group>"; };
		2B7FB83F1DF4988D00DA1EA9 /* Base */ = {isa = PBXFileReference; lastKnownFileType = file.storyboard; name = Base; path = Base.lproj/Main.storyboard; sourceTree = "<group>"; };
		2B7FB8411DF4988D00DA1EA9 /* Assets.xcassets */ = {isa = PBXFileReference; lastKnownFileType = folder.assetcatalog; path = Assets.xcassets; sourceTree = "<group>"; };
		2B7FB8441DF4988D00DA1EA9 /* Base */ = {isa = PBXFileReference; lastKnownFileType = file.storyboard; name = Base; path = Base.lproj/LaunchScreen.storyboard; sourceTree = "<group>"; };
		2B7FB8461DF4988D00DA1EA9 /* Info.plist */ = {isa = PBXFileReference; lastKnownFileType = text.plist.xml; path = Info.plist; sourceTree = "<group>"; };
		2B7FB84B1DF4988E00DA1EA9 /* TipCalculatorTests.xctest */ = {isa = PBXFileReference; explicitFileType = wrapper.cfbundle; includeInIndex = 0; path = TipCalculatorTests.xctest; sourceTree = BUILT_PRODUCTS_DIR; };
		2B7FB84F1DF4988E00DA1EA9 /* TipCalculatorTests.swift */ = {isa = PBXFileReference; lastKnownFileType = sourcecode.swift; path = TipCalculatorTests.swift; sourceTree = "<group>"; };
		2B7FB8511DF4988E00DA1EA9 /* Info.plist */ = {isa = PBXFileReference; lastKnownFileType = text.plist.xml; path = Info.plist; sourceTree = "<group>"; };
		2B7FB8561DF4988E00DA1EA9 /* TipCalculatorUITests.xctest */ = {isa = PBXFileReference; explicitFileType = wrapper.cfbundle; includeInIndex = 0; path = TipCalculatorUITests.xctest; sourceTree = BUILT_PRODUCTS_DIR; };
		2B7FB85A1DF4988E00DA1EA9 /* TipCalculatorUITests.swift */ = {isa = PBXFileReference; lastKnownFileType = sourcecode.swift; path = TipCalculatorUITests.swift; sourceTree = "<group>"; };
		2B7FB85C1DF4988E00DA1EA9 /* Info.plist */ = {isa = PBXFileReference; lastKnownFileType = text.plist.xml; path = Info.plist; sourceTree = "<group>"; };
		2BE975491DFFA6BD005F8C99 /* SettingsViewController.swift */ = {isa = PBXFileReference; fileEncoding = 4; lastKnownFileType = sourcecode.swift; path = SettingsViewController.swift; sourceTree = "<group>"; };
/* End PBXFileReference section */

/* Begin PBXFrameworksBuildPhase section */
		2B7FB8341DF4988D00DA1EA9 /* Frameworks */ = {
			isa = PBXFrameworksBuildPhase;
			buildActionMask = 2147483647;
			files = (
			);
			runOnlyForDeploymentPostprocessing = 0;
		};
		2B7FB8481DF4988E00DA1EA9 /* Frameworks */ = {
			isa = PBXFrameworksBuildPhase;
			buildActionMask = 2147483647;
			files = (
			);
			runOnlyForDeploymentPostprocessing = 0;
		};
		2B7FB8531DF4988E00DA1EA9 /* Frameworks */ = {
			isa = PBXFrameworksBuildPhase;
			buildActionMask = 2147483647;
			files = (
			);
			runOnlyForDeploymentPostprocessing = 0;
		};
/* End PBXFrameworksBuildPhase section */

/* Begin PBXGroup section */
		2B7FB82E1DF4988D00DA1EA9 = {
			isa = PBXGroup;
			children = (
				2B7FB8391DF4988D00DA1EA9 /* TipCalculator */,
				2B7FB84E1DF4988E00DA1EA9 /* TipCalculatorTests */,
				2B7FB8591DF4988E00DA1EA9 /* TipCalculatorUITests */,
				2B7FB8381DF4988D00DA1EA9 /* Products */,
			);
			sourceTree = "<group>";
		};
		2B7FB8381DF4988D00DA1EA9 /* Products */ = {
			isa = PBXGroup;
			children = (
				2B7FB8371DF4988D00DA1EA9 /* TipCalculator.app */,
				2B7FB84B1DF4988E00DA1EA9 /* TipCalculatorTests.xctest */,
				2B7FB8561DF4988E00DA1EA9 /* TipCalculatorUITests.xctest */,
			);
			name = Products;
			sourceTree = "<group>";
		};
		2B7FB8391DF4988D00DA1EA9 /* TipCalculator */ = {
			isa = PBXGroup;
			children = (
				2BE975491DFFA6BD005F8C99 /* SettingsViewController.swift */,
				2B7FB83A1DF4988D00DA1EA9 /* AppDelegate.swift */,
				2B7FB83C1DF4988D00DA1EA9 /* ViewController.swift */,
				2B7FB83E1DF4988D00DA1EA9 /* Main.storyboard */,
				2B7FB8411DF4988D00DA1EA9 /* Assets.xcassets */,
				2B7FB8431DF4988D00DA1EA9 /* LaunchScreen.storyboard */,
				2B7FB8461DF4988D00DA1EA9 /* Info.plist */,
			);
			path = TipCalculator;
			sourceTree = "<group>";
		};
		2B7FB84E1DF4988E00DA1EA9 /* TipCalculatorTests */ = {
			isa = PBXGroup;
			children = (
				2B7FB84F1DF4988E00DA1EA9 /* TipCalculatorTests.swift */,
				2B7FB8511DF4988E00DA1EA9 /* Info.plist */,
			);
			path = TipCalculatorTests;
			sourceTree = "<group>";
		};
		2B7FB8591DF4988E00DA1EA9 /* TipCalculatorUITests */ = {
			isa = PBXGroup;
			children = (
				2B7FB85A1DF4988E00DA1EA9 /* TipCalculatorUITests.swift */,
				2B7FB85C1DF4988E00DA1EA9 /* Info.plist */,
			);
			path = TipCalculatorUITests;
			sourceTree = "<group>";
		};
/* End PBXGroup section */

/* Begin PBXNativeTarget section */
		2B7FB8361DF4988D00DA1EA9 /* TipCalculator */ = {
			isa = PBXNativeTarget;
			buildConfigurationList = 2B7FB85F1DF4988E00DA1EA9 /* Build configuration list for PBXNativeTarget "TipCalculator" */;
			buildPhases = (
				2B7FB8331DF4988D00DA1EA9 /* Sources */,
				2B7FB8341DF4988D00DA1EA9 /* Frameworks */,
				2B7FB8351DF4988D00DA1EA9 /* Resources */,
			);
			buildRules = (
			);
			dependencies = (
			);
			name = TipCalculator;
			productName = TipCalculator;
			productReference = 2B7FB8371DF4988D00DA1EA9 /* TipCalculator.app */;
			productType = "com.apple.product-type.application";
		};
		2B7FB84A1DF4988E00DA1EA9 /* TipCalculatorTests */ = {
			isa = PBXNativeTarget;
			buildConfigurationList = 2B7FB8621DF4988E00DA1EA9 /* Build configuration list for PBXNativeTarget "TipCalculatorTests" */;
			buildPhases = (
				2B7FB8471DF4988E00DA1EA9 /* Sources */,
				2B7FB8481DF4988E00DA1EA9 /* Frameworks */,
				2B7FB8491DF4988E00DA1EA9 /* Resources */,
			);
			buildRules = (
			);
			dependencies = (
				2B7FB84D1DF4988E00DA1EA9 /* PBXTargetDependency */,
			);
			name = TipCalculatorTests;
			productName = TipCalculatorTests;
			productReference = 2B7FB84B1DF4988E00DA1EA9 /* TipCalculatorTests.xctest */;
			productType = "com.apple.product-type.bundle.unit-test";
		};
		2B7FB8551DF4988E00DA1EA9 /* TipCalculatorUITests */ = {
			isa = PBXNativeTarget;
			buildConfigurationList = 2B7FB8651DF4988E00DA1EA9 /* Build configuration list for PBXNativeTarget "TipCalculatorUITests" */;
			buildPhases = (
				2B7FB8521DF4988E00DA1EA9 /* Sources */,
				2B7FB8531DF4988E00DA1EA9 /* Frameworks */,
				2B7FB8541DF4988E00DA1EA9 /* Resources */,
			);
			buildRules = (
			);
			dependencies = (
				2B7FB8581DF4988E00DA1EA9 /* PBXTargetDependency */,
			);
			name = TipCalculatorUITests;
			productName = TipCalculatorUITests;
			productReference = 2B7FB8561DF4988E00DA1EA9 /* TipCalculatorUITests.xctest */;
			productType = "com.apple.product-type.bundle.ui-testing";
		};
/* End PBXNativeTarget section */

/* Begin PBXProject section */
		2B7FB82F1DF4988D00DA1EA9 /* Project object */ = {
			isa = PBXProject;
			attributes = {
				LastSwiftUpdateCheck = 0810;
				LastUpgradeCheck = 0810;
				ORGANIZATIONNAME = "Tao Wang";
				TargetAttributes = {
					2B7FB8361DF4988D00DA1EA9 = {
						CreatedOnToolsVersion = 8.1;
						DevelopmentTeam = AW32GP72L6;
						ProvisioningStyle = Automatic;
					};
					2B7FB84A1DF4988E00DA1EA9 = {
						CreatedOnToolsVersion = 8.1;
						ProvisioningStyle = Automatic;
						TestTargetID = 2B7FB8361DF4988D00DA1EA9;
					};
					2B7FB8551DF4988E00DA1EA9 = {
						CreatedOnToolsVersion = 8.1;
						ProvisioningStyle = Automatic;
						TestTargetID = 2B7FB8361DF4988D00DA1EA9;
					};
				};
			};
			buildConfigurationList = 2B7FB8321DF4988D00DA1EA9 /* Build configuration list for PBXProject "TipCalculator" */;
			compatibilityVersion = "Xcode 3.2";
			developmentRegion = English;
			hasScannedForEncodings = 0;
			knownRegions = (
				en,
				Base,
			);
			mainGroup = 2B7FB82E1DF4988D00DA1EA9;
			productRefGroup = 2B7FB8381DF4988D00DA1EA9 /* Products */;
			projectDirPath = "";
			projectRoot = "";
			targets = (
				2B7FB8361DF4988D00DA1EA9 /* TipCalculator */,
				2B7FB84A1DF4988E00DA1EA9 /* TipCalculatorTests */,
				2B7FB8551DF4988E00DA1EA9 /* TipCalculatorUITests */,
			);
		};
/* End PBXProject section */

/* Begin PBXResourcesBuildPhase section */
		2B7FB8351DF4988D00DA1EA9 /* Resources */ = {
			isa = PBXResourcesBuildPhase;
			buildActionMask = 2147483647;
			files = (
				2B7FB8451DF4988D00DA1EA9 /* LaunchScreen.storyboard in Resources */,
				2B7FB8421DF4988D00DA1EA9 /* Assets.xcassets in Resources */,
				2B7FB8401DF4988D00DA1EA9 /* Main.storyboard in Resources */,
			);
			runOnlyForDeploymentPostprocessing = 0;
		};
		2B7FB8491DF4988E00DA1EA9 /* Resources */ = {
			isa = PBXResourcesBuildPhase;
			buildActionMask = 2147483647;
			files = (
			);
			runOnlyForDeploymentPostprocessing = 0;
		};
		2B7FB8541DF4988E00DA1EA9 /* Resources */ = {
			isa = PBXResourcesBuildPhase;
			buildActionMask = 2147483647;
			files = (
			);
			runOnlyForDeploymentPostprocessing = 0;
		};
/* End PBXResourcesBuildPhase section */

/* Begin PBXSourcesBuildPhase section */
		2B7FB8331DF4988D00DA1EA9 /* Sources */ = {
			isa = PBXSourcesBuildPhase;
			buildActionMask = 2147483647;
			files = (
				2B7FB83D1DF4988D00DA1EA9 /* ViewController.swift in Sources */,
				2B7FB83B1DF4988D00DA1EA9 /* AppDelegate.swift in Sources */,
				2BE9754A1DFFA6BD005F8C99 /* SettingsViewController.swift in Sources */,
			);
			runOnlyForDeploymentPostprocessing = 0;
		};
		2B7FB8471DF4988E00DA1EA9 /* Sources */ = {
			isa = PBXSourcesBuildPhase;
			buildActionMask = 2147483647;
			files = (
				2B7FB8501DF4988E00DA1EA9 /* TipCalculatorTests.swift in Sources */,
			);
			runOnlyForDeploymentPostprocessing = 0;
		};
		2B7FB8521DF4988E00DA1EA9 /* Sources */ = {
			isa = PBXSourcesBuildPhase;
			buildActionMask = 2147483647;
			files = (
				2B7FB85B1DF4988E00DA1EA9 /* TipCalculatorUITests.swift in Sources */,
			);
			runOnlyForDeploymentPostprocessing = 0;
		};
/* End PBXSourcesBuildPhase section */

/* Begin PBXTargetDependency section */
		2B7FB84D1DF4988E00DA1EA9 /* PBXTargetDependency */ = {
			isa = PBXTargetDependency;
			target = 2B7FB8361DF4988D00DA1EA9 /* TipCalculator */;
			targetProxy = 2B7FB84C1DF4988E00DA1EA9 /* PBXContainerItemProxy */;
		};
		2B7FB8581DF4988E00DA1EA9 /* PBXTargetDependency */ = {
			isa = PBXTargetDependency;
			target = 2B7FB8361DF4988D00DA1EA9 /* TipCalculator */;
			targetProxy = 2B7FB8571DF4988E00DA1EA9 /* PBXContainerItemProxy */;
		};
/* End PBXTargetDependency section */

/* Begin PBXVariantGroup section */
		2B7FB83E1DF4988D00DA1EA9 /* Main.storyboard */ = {
			isa = PBXVariantGroup;
			children = (
				2B7FB83F1DF4988D00DA1EA9 /* Base */,
			);
			name = Main.storyboard;
			sourceTree = "<group>";
		};
		2B7FB8431DF4988D00DA1EA9 /* LaunchScreen.storyboard */ = {
			isa = PBXVariantGroup;
			children = (
				2B7FB8441DF4988D00DA1EA9 /* Base */,
			);
			name = LaunchScreen.storyboard;
			sourceTree = "<group>";
		};
/* End PBXVariantGroup section */

/* Begin XCBuildConfiguration section */
		2B7FB85D1DF4988E00DA1EA9 /* Debug */ = {
			isa = XCBuildConfiguration;
			buildSettings = {
				ALWAYS_SEARCH_USER_PATHS = NO;
				CLANG_ANALYZER_NONNULL = YES;
				CLANG_CXX_LANGUAGE_STANDARD = "gnu++0x";
				CLANG_CXX_LIBRARY = "libc++";
				CLANG_ENABLE_MODULES = YES;
				CLANG_ENABLE_OBJC_ARC = YES;
				CLANG_WARN_BOOL_CONVERSION = YES;
				CLANG_WARN_CONSTANT_CONVERSION = YES;
				CLANG_WARN_DIRECT_OBJC_ISA_USAGE = YES_ERROR;
				CLANG_WARN_DOCUMENTATION_COMMENTS = YES;
				CLANG_WARN_EMPTY_BODY = YES;
				CLANG_WARN_ENUM_CONVERSION = YES;
				CLANG_WARN_INFINITE_RECURSION = YES;
				CLANG_WARN_INT_CONVERSION = YES;
				CLANG_WARN_OBJC_ROOT_CLASS = YES_ERROR;
				CLANG_WARN_SUSPICIOUS_MOVES = YES;
				CLANG_WARN_UNREACHABLE_CODE = YES;
				CLANG_WARN__DUPLICATE_METHOD_MATCH = YES;
				"CODE_SIGN_IDENTITY[sdk=iphoneos*]" = "iPhone Developer";
				COPY_PHASE_STRIP = NO;
				DEBUG_INFORMATION_FORMAT = dwarf;
				ENABLE_STRICT_OBJC_MSGSEND = YES;
				ENABLE_TESTABILITY = YES;
				GCC_C_LANGUAGE_STANDARD = gnu99;
				GCC_DYNAMIC_NO_PIC = NO;
				GCC_NO_COMMON_BLOCKS = YES;
				GCC_OPTIMIZATION_LEVEL = 0;
				GCC_PREPROCESSOR_DEFINITIONS = (
					"DEBUG=1",
					"$(inherited)",
				);
				GCC_WARN_64_TO_32_BIT_CONVERSION = YES;
				GCC_WARN_ABOUT_RETURN_TYPE = YES_ERROR;
				GCC_WARN_UNDECLARED_SELECTOR = YES;
				GCC_WARN_UNINITIALIZED_AUTOS = YES_AGGRESSIVE;
				GCC_WARN_UNUSED_FUNCTION = YES;
				GCC_WARN_UNUSED_VARIABLE = YES;
				IPHONEOS_DEPLOYMENT_TARGET = 10.1;
				MTL_ENABLE_DEBUG_INFO = YES;
				ONLY_ACTIVE_ARCH = YES;
				SDKROOT = iphoneos;
				SWIFT_ACTIVE_COMPILATION_CONDITIONS = DEBUG;
				SWIFT_OPTIMIZATION_LEVEL = "-Onone";
				TARGETED_DEVICE_FAMILY = "1,2";
			};
			name = Debug;
		};
		2B7FB85E1DF4988E00DA1EA9 /* Release */ = {
			isa = XCBuildConfiguration;
			buildSettings = {
				ALWAYS_SEARCH_USER_PATHS = NO;
				CLANG_ANALYZER_NONNULL = YES;
				CLANG_CXX_LANGUAGE_STANDARD = "gnu++0x";
				CLANG_CXX_LIBRARY = "libc++";
				CLANG_ENABLE_MODULES = YES;
				CLANG_ENABLE_OBJC_ARC = YES;
				CLANG_WARN_BOOL_CONVERSION = YES;
				CLANG_WARN_CONSTANT_CONVERSION = YES;
				CLANG_WARN_DIRECT_OBJC_ISA_USAGE = YES_ERROR;
				CLANG_WARN_DOCUMENTATION_COMMENTS = YES;
				CLANG_WARN_EMPTY_BODY = YES;
				CLANG_WARN_ENUM_CONVERSION = YES;
				CLANG_WARN_INFINITE_RECURSION = YES;
				CLANG_WARN_INT_CONVERSION = YES;
				CLANG_WARN_OBJC_ROOT_CLASS = YES_ERROR;
				CLANG_WARN_SUSPICIOUS_MOVES = YES;
				CLANG_WARN_UNREACHABLE_CODE = YES;
				CLANG_WARN__DUPLICATE_METHOD_MATCH = YES;
				"CODE_SIGN_IDENTITY[sdk=iphoneos*]" = "iPhone Developer";
				COPY_PHASE_STRIP = NO;
				DEBUG_INFORMATION_FORMAT = "dwarf-with-dsym";
				ENABLE_NS_ASSERTIONS = NO;
				ENABLE_STRICT_OBJC_MSGSEND = YES;
				GCC_C_LANGUAGE_STANDARD = gnu99;
				GCC_NO_COMMON_BLOCKS = YES;
				GCC_WARN_64_TO_32_BIT_CONVERSION = YES;
				GCC_WARN_ABOUT_RETURN_TYPE = YES_ERROR;
				GCC_WARN_UNDECLARED_SELECTOR = YES;
				GCC_WARN_UNINITIALIZED_AUTOS = YES_AGGRESSIVE;
				GCC_WARN_UNUSED_FUNCTION = YES;
				GCC_WARN_UNUSED_VARIABLE = YES;
				IPHONEOS_DEPLOYMENT_TARGET = 10.1;
				MTL_ENABLE_DEBUG_INFO = NO;
				SDKROOT = iphoneos;
				SWIFT_OPTIMIZATION_LEVEL = "-Owholemodule";
				TARGETED_DEVICE_FAMILY = "1,2";
				VALIDATE_PRODUCT = YES;
			};
			name = Release;
		};
		2B7FB8601DF4988E00DA1EA9 /* Debug */ = {
			isa = XCBuildConfiguration;
			buildSettings = {
				ASSETCATALOG_COMPILER_APPICON_NAME = AppIcon;
				DEVELOPMENT_TEAM = AW32GP72L6;
				INFOPLIST_FILE = TipCalculator/Info.plist;
				LD_RUNPATH_SEARCH_PATHS = "$(inherited) @executable_path/Frameworks";
				PRODUCT_BUNDLE_IDENTIFIER = Tao.TipCalculator;
				PRODUCT_NAME = "$(TARGET_NAME)";
				SWIFT_VERSION = 3.0;
			};
			name = Debug;
		};
		2B7FB8611DF4988E00DA1EA9 /* Release */ = {
			isa = XCBuildConfiguration;
			buildSettings = {
				ASSETCATALOG_COMPILER_APPICON_NAME = AppIcon;
				DEVELOPMENT_TEAM = AW32GP72L6;
				INFOPLIST_FILE = TipCalculator/Info.plist;
				LD_RUNPATH_SEARCH_PATHS = "$(inherited) @executable_path/Frameworks";
				PRODUCT_BUNDLE_IDENTIFIER = Tao.TipCalculator;
				PRODUCT_NAME = "$(TARGET_NAME)";
				SWIFT_VERSION = 3.0;
			};
			name = Release;
		};
		2B7FB8631DF4988E00DA1EA9 /* Debug */ = {
			isa = XCBuildConfiguration;
			buildSettings = {
				ALWAYS_EMBED_SWIFT_STANDARD_LIBRARIES = YES;
				BUNDLE_LOADER = "$(TEST_HOST)";
				INFOPLIST_FILE = TipCalculatorTests/Info.plist;
				LD_RUNPATH_SEARCH_PATHS = "$(inherited) @executable_path/Frameworks @loader_path/Frameworks";
				PRODUCT_BUNDLE_IDENTIFIER = Tao.TipCalculatorTests;
				PRODUCT_NAME = "$(TARGET_NAME)";
				SWIFT_VERSION = 3.0;
				TEST_HOST = "$(BUILT_PRODUCTS_DIR)/TipCalculator.app/TipCalculator";
			};
			name = Debug;
		};
		2B7FB8641DF4988E00DA1EA9 /* Release */ = {
			isa = XCBuildConfiguration;
			buildSettings = {
				ALWAYS_EMBED_SWIFT_STANDARD_LIBRARIES = YES;
				BUNDLE_LOADER = "$(TEST_HOST)";
				INFOPLIST_FILE = TipCalculatorTests/Info.plist;
				LD_RUNPATH_SEARCH_PATHS = "$(inherited) @executable_path/Frameworks @loader_path/Frameworks";
				PRODUCT_BUNDLE_IDENTIFIER = Tao.TipCalculatorTests;
				PRODUCT_NAME = "$(TARGET_NAME)";
				SWIFT_VERSION = 3.0;
				TEST_HOST = "$(BUILT_PRODUCTS_DIR)/TipCalculator.app/TipCalculator";
			};
			name = Release;
		};
		2B7FB8661DF4988E00DA1EA9 /* Debug */ = {
			isa = XCBuildConfiguration;
			buildSettings = {
				ALWAYS_EMBED_SWIFT_STANDARD_LIBRARIES = YES;
				INFOPLIST_FILE = TipCalculatorUITests/Info.plist;
				LD_RUNPATH_SEARCH_PATHS = "$(inherited) @executable_path/Frameworks @loader_path/Frameworks";
				PRODUCT_BUNDLE_IDENTIFIER = Tao.TipCalculatorUITests;
				PRODUCT_NAME = "$(TARGET_NAME)";
				SWIFT_VERSION = 3.0;
				TEST_TARGET_NAME = TipCalculator;
			};
			name = Debug;
		};
		2B7FB8671DF4988E00DA1EA9 /* Release */ = {
			isa = XCBuildConfiguration;
			buildSettings = {
				ALWAYS_EMBED_SWIFT_STANDARD_LIBRARIES = YES;
				INFOPLIST_FILE = TipCalculatorUITests/Info.plist;
				LD_RUNPATH_SEARCH_PATHS = "$(inherited) @executable_path/Frameworks @loader_path/Frameworks";
				PRODUCT_BUNDLE_IDENTIFIER = Tao.TipCalculatorUITests;
				PRODUCT_NAME = "$(TARGET_NAME)";
				SWIFT_VERSION = 3.0;
				TEST_TARGET_NAME = TipCalculator;
			};
			name = Release;
		};
/* End XCBuildConfiguration section */

/* Begin XCConfigurationList section */
		2B7FB8321DF4988D00DA1EA9 /* Build configuration list for PBXProject "TipCalculator" */ = {
			isa = XCConfigurationList;
			buildConfigurations = (
				2B7FB85D1DF4988E00DA1EA9 /* Debug */,
				2B7FB85E1DF4988E00DA1EA9 /* Release */,
			);
			defaultConfigurationIsVisible = 0;
			defaultConfigurationName = Release;
		};
		2B7FB85F1DF4988E00DA1EA9 /* Build configuration list for PBXNativeTarget "TipCalculator" */ = {
			isa = XCConfigurationList;
			buildConfigurations = (
				2B7FB8601DF4988E00DA1EA9 /* Debug */,
				2B7FB8611DF4988E00DA1EA9 /* Release */,
			);
			defaultConfigurationIsVisible = 0;
			defaultConfigurationName = Release;
		};
		2B7FB8621DF4988E00DA1EA9 /* Build configuration list for PBXNativeTarget "TipCalculatorTests" */ = {
			isa = XCConfigurationList;
			buildConfigurations = (
				2B7FB8631DF4988E00DA1EA9 /* Debug */,
				2B7FB8641DF4988E00DA1EA9 /* Release */,
			);
			defaultConfigurationIsVisible = 0;
			defaultConfigurationName = Release;
		};
		2B7FB8651DF4988E00DA1EA9 /* Build configuration list for PBXNativeTarget "TipCalculatorUITests" */ = {
			isa = XCConfigurationList;
			buildConfigurations = (
				2B7FB8661DF4988E00DA1EA9 /* Debug */,
				2B7FB8671DF4988E00DA1EA9 /* Release */,
			);
			defaultConfigurationIsVisible = 0;
			defaultConfigurationName = Release;
		};
/* End XCConfigurationList section */
	};
	rootObject = 2B7FB82F1DF4988D00DA1EA9 /* Project object */;
}
